
Microsoft Visual Studio Solution File, Format Version 12.00
# Visual Studio 14
VisualStudioVersion = 14.0.25123.0
MinimumVisualStudioVersion = 10.0.40219.1
Project("{FAE04EC0-301F-11D3-BF4B-00C04F79EFBC}") = "AngularMVCTemplate", "AngularMVCTemplate\AngularMVCTemplate.csproj", "{1A98D4B2-21EB-4309-9661-056C5664B0B5}"
EndProject
Project("{FAE04EC0-301F-11D3-BF4B-00C04F79EFBC}") = "AngularMVCTemplate.Tests", "AngularMVCTemplate.Tests\AngularMVCTemplate.Tests.csproj", "{D58D326D-B4A8-4420-A8EF-AD1BB76A7209}"
EndProject
Global
	GlobalSection(SolutionConfigurationPlatforms) = preSolution
		Debug|Any CPU = Debug|Any CPU
		Release|Any CPU = Release|Any CPU
	EndGlobalSection
	GlobalSection(ProjectConfigurationPlatforms) = postSolution
		{1A98D4B2-21EB-4309-9661-056C5664B0B5}.Debug|Any CPU.ActiveCfg = Debug|Any CPU
		{1A98D4B2-21EB-4309-9661-056C5664B0B5}.Debug|Any CPU.Build.0 = Debug|Any CPU
		{1A98D4B2-21EB-4309-9661-056C5664B0B5}.Release|Any CPU.ActiveCfg = Release|Any CPU
		{1A98D4B2-21EB-4309-9661-056C5664B0B5}.Release|Any CPU.Build.0 = Release|Any CPU
		{D58D326D-B4A8-4420-A8EF-AD1BB76A7209}.Debug|Any CPU.ActiveCfg = Debug|Any CPU
		{D58D326D-B4A8-4420-A8EF-AD1BB76A7209}.Debug|Any CPU.Build.0 = Debug|Any CPU
		{D58D326D-B4A8-4420-A8EF-AD1BB76A7209}.Release|Any CPU.ActiveCfg = Release|Any CPU
		{D58D326D-B4A8-4420-A8EF-AD1BB76A7209}.Release|Any CPU.Build.0 = Release|Any CPU
	EndGlobalSection
	GlobalSection(SolutionProperties) = preSolution
		HideSolutionNode = FALSE
	EndGlobalSection
EndGlobal
